Microsoft Visual Studio Solution File, Format Version 11.00
# Visual Studio 2008

Project("{72A2AAB3-36A7-6D8B-3702-59FE45BE9A1D}") = "Narrative_Play_Project", "Assembly-CSharp-firstpass.csproj", "{37DF4DA0-F3FA-EFA0-639F-02413482CF1A}"
EndProject
Project("{72A2AAB3-36A7-6D8B-3702-59FE45BE9A1D}") = "Narrative_Play_Project", "Assembly-CSharp.csproj", "{5A4EB406-8E52-5FB5-A115-5ECE4E559918}"
EndProject
Project("{72A2AAB3-36A7-6D8B-3702-59FE45BE9A1D}") = "Narrative_Play_Project", "Assembly-CSharp-Editor.csproj", "{02C5161D-C99A-BF2B-C2CB-0DBDDF3894E9}"
EndProject
Global
	GlobalSection(SolutionConfigurationPlatforms) = preSolution
		Debug|Any CPU = Debug|Any CPU
		Release|Any CPU = Release|Any CPU
	EndGlobalSection
	GlobalSection(ProjectConfigurationPlatforms) = postSolution
		{37DF4DA0-F3FA-EFA0-639F-02413482CF1A}.Debug|Any CPU.ActiveCfg = Debug|Any CPU
		{37DF4DA0-F3FA-EFA0-639F-02413482CF1A}.Debug|Any CPU.Build.0 = Debug|Any CPU
		{37DF4DA0-F3FA-EFA0-639F-02413482CF1A}.Release|Any CPU.ActiveCfg = Release|Any CPU
		{37DF4DA0-F3FA-EFA0-639F-02413482CF1A}.Release|Any CPU.Build.0 = Release|Any CPU
		{5A4EB406-8E52-5FB5-A115-5ECE4E559918}.Debug|Any CPU.ActiveCfg = Debug|Any CPU
		{5A4EB406-8E52-5FB5-A115-5ECE4E559918}.Debug|Any CPU.Build.0 = Debug|Any CPU
		{5A4EB406-8E52-5FB5-A115-5ECE4E559918}.Release|Any CPU.ActiveCfg = Release|Any CPU
		{5A4EB406-8E52-5FB5-A115-5ECE4E559918}.Release|Any CPU.Build.0 = Release|Any CPU
		{02C5161D-C99A-BF2B-C2CB-0DBDDF3894E9}.Debug|Any CPU.ActiveCfg = Debug|Any CPU
		{02C5161D-C99A-BF2B-C2CB-0DBDDF3894E9}.Debug|Any CPU.Build.0 = Debug|Any CPU
		{02C5161D-C99A-BF2B-C2CB-0DBDDF3894E9}.Release|Any CPU.ActiveCfg = Release|Any CPU
		{02C5161D-C99A-BF2B-C2CB-0DBDDF3894E9}.Release|Any CPU.Build.0 = Release|Any CPU
	EndGlobalSection
	GlobalSection(SolutionProperties) = preSolution
		HideSolutionNode = FALSE
	EndGlobalSection
																																																					GlobalSection(MonoDevelopProperties) = preSolution
=======
																																																GlobalSection(MonoDevelopProperties) = preSolution
>>>>>>> Katie_small_camera
		StartupItem = Assembly-CSharp.csproj
		Policies = $0
		$0.TextStylePolicy = $1
		$1.inheritsSet = null
		$1.scope = text/x-csharp
		$0.CSharpFormattingPolicy = $2
		$2.inheritsSet = Mono
		$2.inheritsScope = text/x-csharp
		$2.scope = text/x-csharp
		$0.TextStylePolicy = $3
		$3.FileWidth = 120
		$3.TabWidth = 4
		$3.IndentWidth = 4
		$3.EolMarker = Unix
		$3.inheritsSet = Mono
		$3.inheritsScope = text/plain
		$3.scope = text/plain
	EndGlobalSection

EndGlobal
